dependencies:
  idf:
    source:
      type: idf
    version: 5.5.1
  mirf:
    component_hash: 802646e84e4308d94212942942fcf7882d94a09c14e7d0e812e49be7609aeacd
    dependencies: []
    source:
      git: https://github.com/nopnop2002/esp-idf-mirf.git
      path: components/mirf
      type: git
    version: 41af495a5830c3417d4c889f4e8b25496a445d54
  ssd1306:
    component_hash: c118e111d989d2b427ff714bab329405d76deff181bd1bb7356b3b19e74c141b
    dependencies: []
    source:
      git: https://github.com/nopnop2002/esp-idf-ssd1306
      path: components/ssd1306
      type: git
    version: 58881eb222d977d99f120d574b705386078a872e
direct_dependencies:
- idf
- mirf
- ssd1306
manifest_hash: 8d02a8afed6adcbb3da6e2d745d21ea15cdfd90b36e729edb990421cfe088694
target: esp32
version: 2.0.0
